{
  "name": "functions",
  "lockfileVersion": 3,
  "requires": true,
  "packages": {
    "": {
      "dependencies": {
        "copy-of-caroumate": "file:../.."
      }
    },
    "../..": {
      "name": "copy-of-caroumate",
      "version": "0.0.0",
      "dependencies": {
        "@google/genai": "latest",
        "dotenv": "^17.2.3",
        "html2canvas": "^1.4.1",
        "jspdf": "^2.5.1",
        "jszip": "^3.10.1",
        "react": "^19.1.1",
        "react-dom": "^19.1.1"
      },
      "devDependencies": {
        "@types/node": "^22.14.0",
        "@vitejs/plugin-react": "^5.0.0",
        "typescript": "~5.8.2",
        "vite": "^6.2.0"
      }
    },
    "node_modules/copy-of-caroumate": {
      "resolved": "../..",
      "link": true
    }
  }
}
